
Microsoft Visual Studio Solution File, Format Version 12.00
# Visual Studio 15
VisualStudioVersion = 15.0.28010.2048
MinimumVisualStudioVersion = 10.0.40219.1
Project("{FAE04EC0-301F-11D3-BF4B-00C04F79EFBC}") = "Irdata", "Irdata\Irdata.csproj", "{FCFAA534-88A1-408A-9A88-31CEA74503F5}"
EndProject
Global
	GlobalSection(SolutionConfigurationPlatforms) = preSolution
		Debug|Any CPU = Debug|Any CPU
		Release|Any CPU = Release|Any CPU
	EndGlobalSection
	GlobalSection(ProjectConfigurationPlatforms) = postSolution
		{FCFAA534-88A1-408A-9A88-31CEA74503F5}.Debug|Any CPU.ActiveCfg = Debug|Any CPU
		{FCFAA534-88A1-408A-9A88-31CEA74503F5}.Debug|Any CPU.Build.0 = Debug|Any CPU
		{FCFAA534-88A1-408A-9A88-31CEA74503F5}.Release|Any CPU.ActiveCfg = Release|Any CPU
		{FCFAA534-88A1-408A-9A88-31CEA74503F5}.Release|Any CPU.Build.0 = Release|Any CPU
	EndGlobalSection
	GlobalSection(SolutionProperties) = preSolution
		HideSolutionNode = FALSE
	EndGlobalSection
	GlobalSection(ExtensibilityGlobals) = postSolution
		SolutionGuid = {34FB0346-362C-48F4-8BAB-C1A526140741}
	EndGlobalSection
EndGlobal
